
Microsoft Visual Studio Solution File, Format Version 12.00
# Visual Studio Version 16
VisualStudioVersion = 16.0.32413.511
MinimumVisualStudioVersion = 10.0.40219.1
Project("{8BC9CEB8-8B4A-11D0-8D11-00A0C91BC942}") = "skulMonoHaxc", "skulMonoHaxc.vcxproj", "{B65A20A1-E1B3-4F0D-BCA1-F7E3F9BF8573}"
EndProject
Global
	GlobalSection(SolutionConfigurationPlatforms) = preSolution
		Debug|x64 = Debug|x64
		Debug|x86 = Debug|x86
		Release|x64 = Release|x64
		Release|x86 = Release|x86
	EndGlobalSection
	GlobalSection(ProjectConfigurationPlatforms) = postSolution
		{B65A20A1-E1B3-4F0D-BCA1-F7E3F9BF8573}.Debug|x64.ActiveCfg = Debug|x64
		{B65A20A1-E1B3-4F0D-BCA1-F7E3F9BF8573}.Debug|x64.Build.0 = Debug|x64
		{B65A20A1-E1B3-4F0D-BCA1-F7E3F9BF8573}.Debug|x86.ActiveCfg = Debug|Win32
		{B65A20A1-E1B3-4F0D-BCA1-F7E3F9BF8573}.Debug|x86.Build.0 = Debug|Win32
		{B65A20A1-E1B3-4F0D-BCA1-F7E3F9BF8573}.Release|x64.ActiveCfg = Release|x64
		{B65A20A1-E1B3-4F0D-BCA1-F7E3F9BF8573}.Release|x64.Build.0 = Release|x64
		{B65A20A1-E1B3-4F0D-BCA1-F7E3F9BF8573}.Release|x86.ActiveCfg = Release|Win32
		{B65A20A1-E1B3-4F0D-BCA1-F7E3F9BF8573}.Release|x86.Build.0 = Release|Win32
	EndGlobalSection
	GlobalSection(SolutionProperties) = preSolution
		HideSolutionNode = FALSE
	EndGlobalSection
	GlobalSection(ExtensibilityGlobals) = postSolution
		SolutionGuid = {01422A1D-C0A1-4C6F-93D6-A574CFBE3F89}
	EndGlobalSection
EndGlobal
